
Microsoft Visual Studio Solution File, Format Version 12.00
# Visual Studio Version 16
VisualStudioVersion = 16.0.31702.278
MinimumVisualStudioVersion = 10.0.40219.1
Project("{8BC9CEB8-8B4A-11D0-8D11-00A0C91BC942}") = "Demo", "Demo.vcxproj", "{E72D17A6-4FEA-4D2D-A61B-1B0F690FA7BE}"
EndProject
Global
	GlobalSection(SolutionConfigurationPlatforms) = preSolution
		Debug|x64 = Debug|x64
		Debug|x86 = Debug|x86
		Release|x64 = Release|x64
		Release|x86 = Release|x86
	EndGlobalSection
	GlobalSection(ProjectConfigurationPlatforms) = postSolution
		{E72D17A6-4FEA-4D2D-A61B-1B0F690FA7BE}.Debug|x64.ActiveCfg = Debug|x64
		{E72D17A6-4FEA-4D2D-A61B-1B0F690FA7BE}.Debug|x64.Build.0 = Debug|x64
		{E72D17A6-4FEA-4D2D-A61B-1B0F690FA7BE}.Debug|x86.ActiveCfg = Debug|Win32
		{E72D17A6-4FEA-4D2D-A61B-1B0F690FA7BE}.Debug|x86.Build.0 = Debug|Win32
		{E72D17A6-4FEA-4D2D-A61B-1B0F690FA7BE}.Release|x64.ActiveCfg = Release|x64
		{E72D17A6-4FEA-4D2D-A61B-1B0F690FA7BE}.Release|x64.Build.0 = Release|x64
		{E72D17A6-4FEA-4D2D-A61B-1B0F690FA7BE}.Release|x86.ActiveCfg = Release|Win32
		{E72D17A6-4FEA-4D2D-A61B-1B0F690FA7BE}.Release|x86.Build.0 = Release|Win32
	EndGlobalSection
	GlobalSection(SolutionProperties) = preSolution
		HideSolutionNode = FALSE
	EndGlobalSection
	GlobalSection(ExtensibilityGlobals) = postSolution
		SolutionGuid = {E4C26888-FAFB-4DB0-9874-71C095174B6D}
	EndGlobalSection
EndGlobal
